// !$*UTF8*$!
{
	archiveVersion = 1;
	classes = {
	};
	objectVersion = 46;
	objects = {

/* Begin PBXBuildFile section */
		C56651BB1F1B060300B26B14 /* main.m in Sources */ = {isa = PBXBuildFile; fileRef = C56651BA1F1B060300B26B14 /* main.m */; };
		C56651BE1F1B060300B26B14 /* AppDelegate.m in Sources */ = {isa = PBXBuildFile; fileRef = C56651BD1F1B060300B26B14 /* AppDelegate.m */; };
		C56651C11F1B060300B26B14 /* ViewController.m in Sources */ = {isa = PBXBuildFile; fileRef = C56651C01F1B060300B26B14 /* ViewController.m */; };
		C56651C41F1B060300B26B14 /* Main.storyboard in Resources */ = {isa = PBXBuildFile; fileRef = C56651C21F1B060300B26B14 /* Main.storyboard */; };
		C56651C61F1B060300B26B14 /* Assets.xcassets in Resources */ = {isa = PBXBuildFile; fileRef = C56651C51F1B060300B26B14 /* Assets.xcassets */; };
		C56651C91F1B060300B26B14 /* LaunchScreen.storyboard in Resources */ = {isa = PBXBuildFile; fileRef = C56651C71F1B060300B26B14 /* LaunchScreen.storyboard */; };
/* End PBXBuildFile section */

/* Begin PBXFileReference section */
		C56651B61F1B060300B26B14 /* RunTime-text8.app */ = {isa = PBXFileReference; explicitFileType = wrapper.application; includeInIndex = 0; path = "RunTime-text8.app"; sourceTree = BUILT_PRODUCTS_DIR; };
		C56651BA1F1B060300B26B14 /* main.m */ = {isa = PBXFileReference; lastKnownFileType = sourcecode.c.objc; path = main.m; sourceTree = "<group>"; };
		C56651BC1F1B060300B26B14 /* AppDelegate.h */ = {isa = PBXFileReference; lastKnownFileType = sourcecode.c.h; path = AppDelegate.h; sourceTree = "<group>"; };
		C56651BD1F1B060300B26B14 /* AppDelegate.m */ = {isa = PBXFileReference; lastKnownFileType = sourcecode.c.objc; path = AppDelegate.m; sourceTree = "<group>"; };
		C56651BF1F1B060300B26B14 /* ViewController.h */ = {isa = PBXFileReference; lastKnownFileType = sourcecode.c.h; path = ViewController.h; sourceTree = "<group>"; };
		C56651C01F1B060300B26B14 /* ViewController.m */ = {isa = PBXFileReference; lastKnownFileType = sourcecode.c.objc; path = ViewController.m; sourceTree = "<group>"; };
		C56651C31F1B060300B26B14 /* Base */ = {isa = PBXFileReference; lastKnownFileType = file.storyboard; name = Base; path = Base.lproj/Main.storyboard; sourceTree = "<group>"; };
		C56651C51F1B060300B26B14 /* Assets.xcassets */ = {isa = PBXFileReference; lastKnownFileType = folder.assetcatalog; path = Assets.xcassets; sourceTree = "<group>"; };
		C56651C81F1B060300B26B14 /* Base */ = {isa = PBXFileReference; lastKnownFileType = file.storyboard; name = Base; path = Base.lproj/LaunchScreen.storyboard; sourceTree = "<group>"; };
		C56651CA1F1B060300B26B14 /* Info.plist */ = {isa = PBXFileReference; lastKnownFileType = text.plist.xml; path = Info.plist; sourceTree = "<group>"; };
/* End PBXFileReference section */

/* Begin PBXFrameworksBuildPhase section */
		C56651B31F1B060300B26B14 /* Frameworks */ = {
			isa = PBXFrameworksBuildPhase;
			buildActionMask = 2147483647;
			files = (
			);
			runOnlyForDeploymentPostprocessing = 0;
		};
/* End PBXFrameworksBuildPhase section */

/* Begin PBXGroup section */
		C56651AD1F1B060200B26B14 = {
			isa = PBXGroup;
			children = (
				C56651B81F1B060300B26B14 /* RunTime-text8 */,
				C56651B71F1B060300B26B14 /* Products */,
			);
			sourceTree = "<group>";
		};
		C56651B71F1B060300B26B14 /* Products */ = {
			isa = PBXGroup;
			children = (
				C56651B61F1B060300B26B14 /* RunTime-text8.app */,
			);
			name = Products;
			sourceTree = "<group>";
		};
		C56651B81F1B060300B26B14 /* RunTime-text8 */ = {
			isa = PBXGroup;
			children = (
				C56651BC1F1B060300B26B14 /* AppDelegate.h */,
				C56651BD1F1B060300B26B14 /* AppDelegate.m */,
				C56651BF1F1B060300B26B14 /* ViewController.h */,
				C56651C01F1B060300B26B14 /* ViewController.m */,
				C56651C21F1B060300B26B14 /* Main.storyboard */,
				C56651C51F1B060300B26B14 /* Assets.xcassets */,
				C56651C71F1B060300B26B14 /* LaunchScreen.storyboard */,
				C56651CA1F1B060300B26B14 /* Info.plist */,
				C56651B91F1B060300B26B14 /* Supporting Files */,
			);
			path = "RunTime-text8";
			sourceTree = "<group>";
		};
		C56651B91F1B060300B26B14 /* Supporting Files */ = {
			isa = PBXGroup;
			children = (
				C56651BA1F1B060300B26B14 /* main.m */,
			);
			name = "Supporting Files";
			sourceTree = "<group>";
		};
/* End PBXGroup section */

/* Begin PBXNativeTarget section */
		C56651B51F1B060300B26B14 /* RunTime-text8 */ = {
			isa = PBXNativeTarget;
			buildConfigurationList = C56651CD1F1B060300B26B14 /* Build configuration list for PBXNativeTarget "RunTime-text8" */;
			buildPhases = (
				C56651B21F1B060300B26B14 /* Sources */,
				C56651B31F1B060300B26B14 /* Frameworks */,
				C56651B41F1B060300B26B14 /* Resources */,
			);
			buildRules = (
			);
			dependencies = (
			);
			name = "RunTime-text8";
			productName = "RunTime-text8";
			productReference = C56651B61F1B060300B26B14 /* RunTime-text8.app */;
			productType = "com.apple.product-type.application";
		};
/* End PBXNativeTarget section */

/* Begin PBXProject section */
		C56651AE1F1B060200B26B14 /* Project object */ = {
			isa = PBXProject;
			attributes = {
				LastUpgradeCheck = 0830;
				ORGANIZATIONNAME = com.qinqin.www;
				TargetAttributes = {
					C56651B51F1B060300B26B14 = {
						CreatedOnToolsVersion = 8.3.1;
						ProvisioningStyle = Automatic;
					};
				};
			};
			buildConfigurationList = C56651B11F1B060200B26B14 /* Build configuration list for PBXProject "RunTime-text8" */;
			compatibilityVersion = "Xcode 3.2";
			developmentRegion = English;
			hasScannedForEncodings = 0;
			knownRegions = (
				en,
				Base,
			);
			mainGroup = C56651AD1F1B060200B26B14;
			productRefGroup = C56651B71F1B060300B26B14 /* Products */;
			projectDirPath = "";
			projectRoot = "";
			targets = (
				C56651B51F1B060300B26B14 /* RunTime-text8 */,
			);
		};
/* End PBXProject section */

/* Begin PBXResourcesBuildPhase section */
		C56651B41F1B060300B26B14 /* Resources */ = {
			isa = PBXResourcesBuildPhase;
			buildActionMask = 2147483647;
			files = (
				C56651C91F1B060300B26B14 /* LaunchScreen.storyboard in Resources */,
				C56651C61F1B060300B26B14 /* Assets.xcassets in Resources */,
				C56651C41F1B060300B26B14 /* Main.storyboard in Resources */,
			);
			runOnlyForDeploymentPostprocessing = 0;
		};
/* End PBXResourcesBuildPhase section */

/* Begin PBXSourcesBuildPhase section */
		C56651B21F1B060300B26B14 /* Sources */ = {
			isa = PBXSourcesBuildPhase;
			buildActionMask = 2147483647;
			files = (
				C56651C11F1B060300B26B14 /* ViewController.m in Sources */,
				C56651BE1F1B060300B26B14 /* AppDelegate.m in Sources */,
				C56651BB1F1B060300B26B14 /* main.m in Sources */,
			);
			runOnlyForDeploymentPostprocessing = 0;
		};
/* End PBXSourcesBuildPhase section */

/* Begin PBXVariantGroup section */
		C56651C21F1B060300B26B14 /* Main.storyboard */ = {
			isa = PBXVariantGroup;
			children = (
				C56651C31F1B060300B26B14 /* Base */,
			);
			name = Main.storyboard;
			sourceTree = "<group>";
		};
		C56651C71F1B060300B26B14 /* LaunchScreen.storyboard */ = {
			isa = PBXVariantGroup;
			children = (
				C56651C81F1B060300B26B14 /* Base */,
			);
			name = LaunchScreen.storyboard;
			sourceTree = "<group>";
		};
/* End PBXVariantGroup section */

/* Begin XCBuildConfiguration section */
		C56651CB1F1B060300B26B14 /* Debug */ = {
			isa = XCBuildConfiguration;
			buildSettings = {
				ALWAYS_SEARCH_USER_PATHS = NO;
				CLANG_ANALYZER_NONNULL = YES;
				CLANG_ANALYZER_NUMBER_OBJECT_CONVERSION = YES_AGGRESSIVE;
				CLANG_CXX_LANGUAGE_STANDARD = "gnu++0x";
				CLANG_CXX_LIBRARY = "libc++";
				CLANG_ENABLE_MODULES = YES;
				CLANG_ENABLE_OBJC_ARC = YES;
				CLANG_WARN_BOOL_CONVERSION = YES;
				CLANG_WARN_CONSTANT_CONVERSION = YES;
				CLANG_WARN_DIRECT_OBJC_ISA_USAGE = YES_ERROR;
				CLANG_WARN_DOCUMENTATION_COMMENTS = YES;
				CLANG_WARN_EMPTY_BODY = YES;
				CLANG_WARN_ENUM_CONVERSION = YES;
				CLANG_WARN_INFINITE_RECURSION = YES;
				CLANG_WARN_INT_CONVERSION = YES;
				CLANG_WARN_OBJC_ROOT_CLASS = YES_ERROR;
				CLANG_WARN_SUSPICIOUS_MOVE = YES;
				CLANG_WARN_UNREACHABLE_CODE = YES;
				CLANG_WARN__DUPLICATE_METHOD_MATCH = YES;
				"CODE_SIGN_IDENTITY[sdk=iphoneos*]" = "iPhone Developer";
				COPY_PHASE_STRIP = NO;
				DEBUG_INFORMATION_FORMAT = dwarf;
				ENABLE_STRICT_OBJC_MSGSEND = YES;
				ENABLE_TESTABILITY = YES;
				GCC_C_LANGUAGE_STANDARD = gnu99;
				GCC_DYNAMIC_NO_PIC = NO;
				GCC_NO_COMMON_BLOCKS = YES;
				GCC_OPTIMIZATION_LEVEL = 0;
				GCC_PREPROCESSOR_DEFINITIONS = (
					"DEBUG=1",
					"$(inherited)",
				);
				GCC_WARN_64_TO_32_BIT_CONVERSION = YES;
				GCC_WARN_ABOUT_RETURN_TYPE = YES_ERROR;
				GCC_WARN_UNDECLARED_SELECTOR = YES;
				GCC_WARN_UNINITIALIZED_AUTOS = YES_AGGRESSIVE;
				GCC_WARN_UNUSED_FUNCTION = YES;
				GCC_WARN_UNUSED_VARIABLE = YES;
				IPHONEOS_DEPLOYMENT_TARGET = 10.3;
				MTL_ENABLE_DEBUG_INFO = YES;
				ONLY_ACTIVE_ARCH = YES;
				SDKROOT = iphoneos;
			};
			name = Debug;
		};
		C56651CC1F1B060300B26B14 /* Release */ = {
			isa = XCBuildConfiguration;
			buildSettings = {
				ALWAYS_SEARCH_USER_PATHS = NO;
				CLANG_ANALYZER_NONNULL = YES;
				CLANG_ANALYZER_NUMBER_OBJECT_CONVERSION = YES_AGGRESSIVE;
				CLANG_CXX_LANGUAGE_STANDARD = "gnu++0x";
				CLANG_CXX_LIBRARY = "libc++";
				CLANG_ENABLE_MODULES = YES;
				CLANG_ENABLE_OBJC_ARC = YES;
				CLANG_WARN_BOOL_CONVERSION = YES;
				CLANG_WARN_CONSTANT_CONVERSION = YES;
				CLANG_WARN_DIRECT_OBJC_ISA_USAGE = YES_ERROR;
				CLANG_WARN_DOCUMENTATION_COMMENTS = YES;
				CLANG_WARN_EMPTY_BODY = YES;
				CLANG_WARN_ENUM_CONVERSION = YES;
				CLANG_WARN_INFINITE_RECURSION = YES;
				CLANG_WARN_INT_CONVERSION = YES;
				CLANG_WARN_OBJC_ROOT_CLASS = YES_ERROR;
				CLANG_WARN_SUSPICIOUS_MOVE = YES;
				CLANG_WARN_UNREACHABLE_CODE = YES;
				CLANG_WARN__DUPLICATE_METHOD_MATCH = YES;
				"CODE_SIGN_IDENTITY[sdk=iphoneos*]" = "iPhone Developer";
				COPY_PHASE_STRIP = NO;
				DEBUG_INFORMATION_FORMAT = "dwarf-with-dsym";
				ENABLE_NS_ASSERTIONS = NO;
				ENABLE_STRICT_OBJC_MSGSEND = YES;
				GCC_C_LANGUAGE_STANDARD = gnu99;
				GCC_NO_COMMON_BLOCKS = YES;
				GCC_WARN_64_TO_32_BIT_CONVERSION = YES;
				GCC_WARN_ABOUT_RETURN_TYPE = YES_ERROR;
				GCC_WARN_UNDECLARED_SELECTOR = YES;
				GCC_WARN_UNINITIALIZED_AUTOS = YES_AGGRESSIVE;
				GCC_WARN_UNUSED_FUNCTION = YES;
				GCC_WARN_UNUSED_VARIABLE = YES;
				IPHONEOS_DEPLOYMENT_TARGET = 10.3;
				MTL_ENABLE_DEBUG_INFO = NO;
				SDKROOT = iphoneos;
				VALIDATE_PRODUCT = YES;
			};
			name = Release;
		};
		C56651CE1F1B060300B26B14 /* Debug */ = {
			isa = XCBuildConfiguration;
			buildSettings = {
				ASSETCATALOG_COMPILER_APPICON_NAME = AppIcon;
				INFOPLIST_FILE = "RunTime-text8/Info.plist";
				LD_RUNPATH_SEARCH_PATHS = "$(inherited) @executable_path/Frameworks";
				PRODUCT_BUNDLE_IDENTIFIER = "com.qinqin.www.RunTime-text8";
				PRODUCT_NAME = "$(TARGET_NAME)";
			};
			name = Debug;
		};
		C56651CF1F1B060300B26B14 /* Release */ = {
			isa = XCBuildConfiguration;
			buildSettings = {
				ASSETCATALOG_COMPILER_APPICON_NAME = AppIcon;
				INFOPLIST_FILE = "RunTime-text8/Info.plist";
				LD_RUNPATH_SEARCH_PATHS = "$(inherited) @executable_path/Frameworks";
				PRODUCT_BUNDLE_IDENTIFIER = "com.qinqin.www.RunTime-text8";
				PRODUCT_NAME = "$(TARGET_NAME)";
			};
			name = Release;
		};
/* End XCBuildConfiguration section */

/* Begin XCConfigurationList section */
		C56651B11F1B060200B26B14 /* Build configuration list for PBXProject "RunTime-text8" */ = {
			isa = XCConfigurationList;
			buildConfigurations = (
				C56651CB1F1B060300B26B14 /* Debug */,
				C56651CC1F1B060300B26B14 /* Release */,
			);
			defaultConfigurationIsVisible = 0;
			defaultConfigurationName = Release;
		};
		C56651CD1F1B060300B26B14 /* Build configuration list for PBXNativeTarget "RunTime-text8" */ = {
			isa = XCConfigurationList;
			buildConfigurations = (
				C56651CE1F1B060300B26B14 /* Debug */,
				C56651CF1F1B060300B26B14 /* Release */,
			);
			defaultConfigurationIsVisible = 0;
		};
/* End XCConfigurationList section */
	};
	rootObject = C56651AE1F1B060200B26B14 /* Project object */;
}
