// !$*UTF8*$!
{
	archiveVersion = 1;
	classes = {
	};
	objectVersion = 46;
	objects = {

/* Begin PBXBuildFile section */
		C574259B1F0CD79C00D8156A /* main.m in Sources */ = {isa = PBXBuildFile; fileRef = C574259A1F0CD79C00D8156A /* main.m */; };
		C574259E1F0CD79C00D8156A /* AppDelegate.m in Sources */ = {isa = PBXBuildFile; fileRef = C574259D1F0CD79C00D8156A /* AppDelegate.m */; };
		C57425A11F0CD79C00D8156A /* ViewController.m in Sources */ = {isa = PBXBuildFile; fileRef = C57425A01F0CD79C00D8156A /* ViewController.m */; };
		C57425A41F0CD79C00D8156A /* Main.storyboard in Resources */ = {isa = PBXBuildFile; fileRef = C57425A21F0CD79C00D8156A /* Main.storyboard */; };
		C57425A61F0CD79C00D8156A /* Assets.xcassets in Resources */ = {isa = PBXBuildFile; fileRef = C57425A51F0CD79C00D8156A /* Assets.xcassets */; };
		C57425A91F0CD79C00D8156A /* LaunchScreen.storyboard in Resources */ = {isa = PBXBuildFile; fileRef = C57425A71F0CD79C00D8156A /* LaunchScreen.storyboard */; };
/* End PBXBuildFile section */

/* Begin PBXFileReference section */
		C57425961F0CD79C00D8156A /* RunTime-text3.app */ = {isa = PBXFileReference; explicitFileType = wrapper.application; includeInIndex = 0; path = "RunTime-text3.app"; sourceTree = BUILT_PRODUCTS_DIR; };
		C574259A1F0CD79C00D8156A /* main.m */ = {isa = PBXFileReference; lastKnownFileType = sourcecode.c.objc; path = main.m; sourceTree = "<group>"; };
		C574259C1F0CD79C00D8156A /* AppDelegate.h */ = {isa = PBXFileReference; lastKnownFileType = sourcecode.c.h; path = AppDelegate.h; sourceTree = "<group>"; };
		C574259D1F0CD79C00D8156A /* AppDelegate.m */ = {isa = PBXFileReference; lastKnownFileType = sourcecode.c.objc; path = AppDelegate.m; sourceTree = "<group>"; };
		C574259F1F0CD79C00D8156A /* ViewController.h */ = {isa = PBXFileReference; lastKnownFileType = sourcecode.c.h; path = ViewController.h; sourceTree = "<group>"; };
		C57425A01F0CD79C00D8156A /* ViewController.m */ = {isa = PBXFileReference; lastKnownFileType = sourcecode.c.objc; path = ViewController.m; sourceTree = "<group>"; };
		C57425A31F0CD79C00D8156A /* Base */ = {isa = PBXFileReference; lastKnownFileType = file.storyboard; name = Base; path = Base.lproj/Main.storyboard; sourceTree = "<group>"; };
		C57425A51F0CD79C00D8156A /* Assets.xcassets */ = {isa = PBXFileReference; lastKnownFileType = folder.assetcatalog; path = Assets.xcassets; sourceTree = "<group>"; };
		C57425A81F0CD79C00D8156A /* Base */ = {isa = PBXFileReference; lastKnownFileType = file.storyboard; name = Base; path = Base.lproj/LaunchScreen.storyboard; sourceTree = "<group>"; };
		C57425AA1F0CD79C00D8156A /* Info.plist */ = {isa = PBXFileReference; lastKnownFileType = text.plist.xml; path = Info.plist; sourceTree = "<group>"; };
/* End PBXFileReference section */

/* Begin PBXFrameworksBuildPhase section */
		C57425931F0CD79C00D8156A /* Frameworks */ = {
			isa = PBXFrameworksBuildPhase;
			buildActionMask = 2147483647;
			files = (
			);
			runOnlyForDeploymentPostprocessing = 0;
		};
/* End PBXFrameworksBuildPhase section */

/* Begin PBXGroup section */
		C574258D1F0CD79C00D8156A = {
			isa = PBXGroup;
			children = (
				C57425981F0CD79C00D8156A /* RunTime-text3 */,
				C57425971F0CD79C00D8156A /* Products */,
			);
			sourceTree = "<group>";
		};
		C57425971F0CD79C00D8156A /* Products */ = {
			isa = PBXGroup;
			children = (
				C57425961F0CD79C00D8156A /* RunTime-text3.app */,
			);
			name = Products;
			sourceTree = "<group>";
		};
		C57425981F0CD79C00D8156A /* RunTime-text3 */ = {
			isa = PBXGroup;
			children = (
				C574259C1F0CD79C00D8156A /* AppDelegate.h */,
				C574259D1F0CD79C00D8156A /* AppDelegate.m */,
				C574259F1F0CD79C00D8156A /* ViewController.h */,
				C57425A01F0CD79C00D8156A /* ViewController.m */,
				C57425A21F0CD79C00D8156A /* Main.storyboard */,
				C57425A51F0CD79C00D8156A /* Assets.xcassets */,
				C57425A71F0CD79C00D8156A /* LaunchScreen.storyboard */,
				C57425AA1F0CD79C00D8156A /* Info.plist */,
				C57425991F0CD79C00D8156A /* Supporting Files */,
			);
			path = "RunTime-text3";
			sourceTree = "<group>";
		};
		C57425991F0CD79C00D8156A /* Supporting Files */ = {
			isa = PBXGroup;
			children = (
				C574259A1F0CD79C00D8156A /* main.m */,
			);
			name = "Supporting Files";
			sourceTree = "<group>";
		};
/* End PBXGroup section */

/* Begin PBXNativeTarget section */
		C57425951F0CD79C00D8156A /* RunTime-text3 */ = {
			isa = PBXNativeTarget;
			buildConfigurationList = C57425AD1F0CD79C00D8156A /* Build configuration list for PBXNativeTarget "RunTime-text3" */;
			buildPhases = (
				C57425921F0CD79C00D8156A /* Sources */,
				C57425931F0CD79C00D8156A /* Frameworks */,
				C57425941F0CD79C00D8156A /* Resources */,
			);
			buildRules = (
			);
			dependencies = (
			);
			name = "RunTime-text3";
			productName = "RunTime-text3";
			productReference = C57425961F0CD79C00D8156A /* RunTime-text3.app */;
			productType = "com.apple.product-type.application";
		};
/* End PBXNativeTarget section */

/* Begin PBXProject section */
		C574258E1F0CD79C00D8156A /* Project object */ = {
			isa = PBXProject;
			attributes = {
				LastUpgradeCheck = 0830;
				ORGANIZATIONNAME = com.qinqin.www;
				TargetAttributes = {
					C57425951F0CD79C00D8156A = {
						CreatedOnToolsVersion = 8.3.1;
						ProvisioningStyle = Automatic;
					};
				};
			};
			buildConfigurationList = C57425911F0CD79C00D8156A /* Build configuration list for PBXProject "RunTime-text3" */;
			compatibilityVersion = "Xcode 3.2";
			developmentRegion = English;
			hasScannedForEncodings = 0;
			knownRegions = (
				en,
				Base,
			);
			mainGroup = C574258D1F0CD79C00D8156A;
			productRefGroup = C57425971F0CD79C00D8156A /* Products */;
			projectDirPath = "";
			projectRoot = "";
			targets = (
				C57425951F0CD79C00D8156A /* RunTime-text3 */,
			);
		};
/* End PBXProject section */

/* Begin PBXResourcesBuildPhase section */
		C57425941F0CD79C00D8156A /* Resources */ = {
			isa = PBXResourcesBuildPhase;
			buildActionMask = 2147483647;
			files = (
				C57425A91F0CD79C00D8156A /* LaunchScreen.storyboard in Resources */,
				C57425A61F0CD79C00D8156A /* Assets.xcassets in Resources */,
				C57425A41F0CD79C00D8156A /* Main.storyboard in Resources */,
			);
			runOnlyForDeploymentPostprocessing = 0;
		};
/* End PBXResourcesBuildPhase section */

/* Begin PBXSourcesBuildPhase section */
		C57425921F0CD79C00D8156A /* Sources */ = {
			isa = PBXSourcesBuildPhase;
			buildActionMask = 2147483647;
			files = (
				C57425A11F0CD79C00D8156A /* ViewController.m in Sources */,
				C574259E1F0CD79C00D8156A /* AppDelegate.m in Sources */,
				C574259B1F0CD79C00D8156A /* main.m in Sources */,
			);
			runOnlyForDeploymentPostprocessing = 0;
		};
/* End PBXSourcesBuildPhase section */

/* Begin PBXVariantGroup section */
		C57425A21F0CD79C00D8156A /* Main.storyboard */ = {
			isa = PBXVariantGroup;
			children = (
				C57425A31F0CD79C00D8156A /* Base */,
			);
			name = Main.storyboard;
			sourceTree = "<group>";
		};
		C57425A71F0CD79C00D8156A /* LaunchScreen.storyboard */ = {
			isa = PBXVariantGroup;
			children = (
				C57425A81F0CD79C00D8156A /* Base */,
			);
			name = LaunchScreen.storyboard;
			sourceTree = "<group>";
		};
/* End PBXVariantGroup section */

/* Begin XCBuildConfiguration section */
		C57425AB1F0CD79C00D8156A /* Debug */ = {
			isa = XCBuildConfiguration;
			buildSettings = {
				ALWAYS_SEARCH_USER_PATHS = NO;
				CLANG_ANALYZER_NONNULL = YES;
				CLANG_ANALYZER_NUMBER_OBJECT_CONVERSION = YES_AGGRESSIVE;
				CLANG_CXX_LANGUAGE_STANDARD = "gnu++0x";
				CLANG_CXX_LIBRARY = "libc++";
				CLANG_ENABLE_MODULES = YES;
				CLANG_ENABLE_OBJC_ARC = YES;
				CLANG_WARN_BOOL_CONVERSION = YES;
				CLANG_WARN_CONSTANT_CONVERSION = YES;
				CLANG_WARN_DIRECT_OBJC_ISA_USAGE = YES_ERROR;
				CLANG_WARN_DOCUMENTATION_COMMENTS = YES;
				CLANG_WARN_EMPTY_BODY = YES;
				CLANG_WARN_ENUM_CONVERSION = YES;
				CLANG_WARN_INFINITE_RECURSION = YES;
				CLANG_WARN_INT_CONVERSION = YES;
				CLANG_WARN_OBJC_ROOT_CLASS = YES_ERROR;
				CLANG_WARN_SUSPICIOUS_MOVE = YES;
				CLANG_WARN_UNREACHABLE_CODE = YES;
				CLANG_WARN__DUPLICATE_METHOD_MATCH = YES;
				"CODE_SIGN_IDENTITY[sdk=iphoneos*]" = "iPhone Developer";
				COPY_PHASE_STRIP = NO;
				DEBUG_INFORMATION_FORMAT = dwarf;
				ENABLE_STRICT_OBJC_MSGSEND = YES;
				ENABLE_TESTABILITY = YES;
				GCC_C_LANGUAGE_STANDARD = gnu99;
				GCC_DYNAMIC_NO_PIC = NO;
				GCC_NO_COMMON_BLOCKS = YES;
				GCC_OPTIMIZATION_LEVEL = 0;
				GCC_PREPROCESSOR_DEFINITIONS = (
					"DEBUG=1",
					"$(inherited)",
				);
				GCC_WARN_64_TO_32_BIT_CONVERSION = YES;
				GCC_WARN_ABOUT_RETURN_TYPE = YES_ERROR;
				GCC_WARN_UNDECLARED_SELECTOR = YES;
				GCC_WARN_UNINITIALIZED_AUTOS = YES_AGGRESSIVE;
				GCC_WARN_UNUSED_FUNCTION = YES;
				GCC_WARN_UNUSED_VARIABLE = YES;
				IPHONEOS_DEPLOYMENT_TARGET = 10.3;
				MTL_ENABLE_DEBUG_INFO = YES;
				ONLY_ACTIVE_ARCH = YES;
				SDKROOT = iphoneos;
			};
			name = Debug;
		};
		C57425AC1F0CD79C00D8156A /* Release */ = {
			isa = XCBuildConfiguration;
			buildSettings = {
				ALWAYS_SEARCH_USER_PATHS = NO;
				CLANG_ANALYZER_NONNULL = YES;
				CLANG_ANALYZER_NUMBER_OBJECT_CONVERSION = YES_AGGRESSIVE;
				CLANG_CXX_LANGUAGE_STANDARD = "gnu++0x";
				CLANG_CXX_LIBRARY = "libc++";
				CLANG_ENABLE_MODULES = YES;
				CLANG_ENABLE_OBJC_ARC = YES;
				CLANG_WARN_BOOL_CONVERSION = YES;
				CLANG_WARN_CONSTANT_CONVERSION = YES;
				CLANG_WARN_DIRECT_OBJC_ISA_USAGE = YES_ERROR;
				CLANG_WARN_DOCUMENTATION_COMMENTS = YES;
				CLANG_WARN_EMPTY_BODY = YES;
				CLANG_WARN_ENUM_CONVERSION = YES;
				CLANG_WARN_INFINITE_RECURSION = YES;
				CLANG_WARN_INT_CONVERSION = YES;
				CLANG_WARN_OBJC_ROOT_CLASS = YES_ERROR;
				CLANG_WARN_SUSPICIOUS_MOVE = YES;
				CLANG_WARN_UNREACHABLE_CODE = YES;
				CLANG_WARN__DUPLICATE_METHOD_MATCH = YES;
				"CODE_SIGN_IDENTITY[sdk=iphoneos*]" = "iPhone Developer";
				COPY_PHASE_STRIP = NO;
				DEBUG_INFORMATION_FORMAT = "dwarf-with-dsym";
				ENABLE_NS_ASSERTIONS = NO;
				ENABLE_STRICT_OBJC_MSGSEND = YES;
				GCC_C_LANGUAGE_STANDARD = gnu99;
				GCC_NO_COMMON_BLOCKS = YES;
				GCC_WARN_64_TO_32_BIT_CONVERSION = YES;
				GCC_WARN_ABOUT_RETURN_TYPE = YES_ERROR;
				GCC_WARN_UNDECLARED_SELECTOR = YES;
				GCC_WARN_UNINITIALIZED_AUTOS = YES_AGGRESSIVE;
				GCC_WARN_UNUSED_FUNCTION = YES;
				GCC_WARN_UNUSED_VARIABLE = YES;
				IPHONEOS_DEPLOYMENT_TARGET = 10.3;
				MTL_ENABLE_DEBUG_INFO = NO;
				SDKROOT = iphoneos;
				VALIDATE_PRODUCT = YES;
			};
			name = Release;
		};
		C57425AE1F0CD79C00D8156A /* Debug */ = {
			isa = XCBuildConfiguration;
			buildSettings = {
				ASSETCATALOG_COMPILER_APPICON_NAME = AppIcon;
				INFOPLIST_FILE = "RunTime-text3/Info.plist";
				LD_RUNPATH_SEARCH_PATHS = "$(inherited) @executable_path/Frameworks";
				PRODUCT_BUNDLE_IDENTIFIER = "com.qinqin.www.RunTime-text3";
				PRODUCT_NAME = "$(TARGET_NAME)";
			};
			name = Debug;
		};
		C57425AF1F0CD79C00D8156A /* Release */ = {
			isa = XCBuildConfiguration;
			buildSettings = {
				ASSETCATALOG_COMPILER_APPICON_NAME = AppIcon;
				INFOPLIST_FILE = "RunTime-text3/Info.plist";
				LD_RUNPATH_SEARCH_PATHS = "$(inherited) @executable_path/Frameworks";
				PRODUCT_BUNDLE_IDENTIFIER = "com.qinqin.www.RunTime-text3";
				PRODUCT_NAME = "$(TARGET_NAME)";
			};
			name = Release;
		};
/* End XCBuildConfiguration section */

/* Begin XCConfigurationList section */
		C57425911F0CD79C00D8156A /* Build configuration list for PBXProject "RunTime-text3" */ = {
			isa = XCConfigurationList;
			buildConfigurations = (
				C57425AB1F0CD79C00D8156A /* Debug */,
				C57425AC1F0CD79C00D8156A /* Release */,
			);
			defaultConfigurationIsVisible = 0;
			defaultConfigurationName = Release;
		};
		C57425AD1F0CD79C00D8156A /* Build configuration list for PBXNativeTarget "RunTime-text3" */ = {
			isa = XCConfigurationList;
			buildConfigurations = (
				C57425AE1F0CD79C00D8156A /* Debug */,
				C57425AF1F0CD79C00D8156A /* Release */,
			);
			defaultConfigurationIsVisible = 0;
		};
/* End XCConfigurationList section */
	};
	rootObject = C574258E1F0CD79C00D8156A /* Project object */;
}
